
Microsoft Visual Studio Solution File, Format Version 12.00
# Visual Studio Version 17
VisualStudioVersion = 17.4.33403.182
MinimumVisualStudioVersion = 10.0.40219.1
Project("{9A19103F-16F7-4668-BE54-9A1E7A4F7556}") = "AssessmentAPI", "AssessmentAPI.csproj", "{D5A83D67-14AC-420B-9090-E60A6C3E9708}"
EndProject
Project("{9A19103F-16F7-4668-BE54-9A1E7A4F7556}") = "APITests", "..\APITests\APITests.csproj", "{2018B41F-C386-4642-BEF0-2048D445B359}"
EndProject
Project("{2150E333-8FDC-42A3-9474-1A3956D46DE8}") = "Solution Items", "Solution Items", "{55F993EB-F61F-4F47-ACED-431A28FA16A2}"
	ProjectSection(SolutionItems) = preProject
		.editorconfig = .editorconfig
	EndProjectSection
EndProject
Global
	GlobalSection(SolutionConfigurationPlatforms) = preSolution
		Debug|Any CPU = Debug|Any CPU
		Release|Any CPU = Release|Any CPU
	EndGlobalSection
	GlobalSection(ProjectConfigurationPlatforms) = postSolution
		{D5A83D67-14AC-420B-9090-E60A6C3E9708}.Debug|Any CPU.ActiveCfg = Debug|Any CPU
		{D5A83D67-14AC-420B-9090-E60A6C3E9708}.Debug|Any CPU.Build.0 = Debug|Any CPU
		{D5A83D67-14AC-420B-9090-E60A6C3E9708}.Release|Any CPU.ActiveCfg = Release|Any CPU
		{D5A83D67-14AC-420B-9090-E60A6C3E9708}.Release|Any CPU.Build.0 = Release|Any CPU
		{2018B41F-C386-4642-BEF0-2048D445B359}.Debug|Any CPU.ActiveCfg = Debug|Any CPU
		{2018B41F-C386-4642-BEF0-2048D445B359}.Debug|Any CPU.Build.0 = Debug|Any CPU
		{2018B41F-C386-4642-BEF0-2048D445B359}.Release|Any CPU.ActiveCfg = Release|Any CPU
		{2018B41F-C386-4642-BEF0-2048D445B359}.Release|Any CPU.Build.0 = Release|Any CPU
	EndGlobalSection
	GlobalSection(SolutionProperties) = preSolution
		HideSolutionNode = FALSE
	EndGlobalSection
	GlobalSection(ExtensibilityGlobals) = postSolution
		SolutionGuid = {817CFC99-A110-42E9-AE8D-1ED65E20BE40}
	EndGlobalSection
EndGlobal
